
Microsoft Visual Studio Solution File, Format Version 12.00
# Visual Studio Version 16
VisualStudioVersion = 16.0.30717.126
MinimumVisualStudioVersion = 10.0.40219.1
Project("{9A19103F-16F7-4668-BE54-9A1E7A4F7556}") = "Dx29.Documents.WebAPI", "Dx29.Documents.WebAPI\Dx29.Documents.WebAPI.csproj", "{5FA6D64A-CDD2-4CE9-9579-19C7E409F08E}"
EndProject
Project("{9A19103F-16F7-4668-BE54-9A1E7A4F7556}") = "Dx29.Documents", "Dx29.Documents\Dx29.Documents.csproj", "{AA3BAEC1-B3AD-4C6C-94B2-3F26907669B5}"
EndProject
Project("{9A19103F-16F7-4668-BE54-9A1E7A4F7556}") = "Dx29", "Dx29\Dx29.csproj", "{0327D413-EBC7-4F7C-A723-35F142EBAD84}"
EndProject
Project("{9A19103F-16F7-4668-BE54-9A1E7A4F7556}") = "Dx29.Azure", "Dx29.Azure\Dx29.Azure.csproj", "{AB0D7FDF-6877-4BD5-90AA-0FDDE5CDAFA0}"
EndProject
Global
	GlobalSection(SolutionConfigurationPlatforms) = preSolution
		Debug|Any CPU = Debug|Any CPU
		Release|Any CPU = Release|Any CPU
	EndGlobalSection
	GlobalSection(ProjectConfigurationPlatforms) = postSolution
		{5FA6D64A-CDD2-4CE9-9579-19C7E409F08E}.Debug|Any CPU.ActiveCfg = Debug|Any CPU
		{5FA6D64A-CDD2-4CE9-9579-19C7E409F08E}.Debug|Any CPU.Build.0 = Debug|Any CPU
		{5FA6D64A-CDD2-4CE9-9579-19C7E409F08E}.Release|Any CPU.ActiveCfg = Release|Any CPU
		{5FA6D64A-CDD2-4CE9-9579-19C7E409F08E}.Release|Any CPU.Build.0 = Release|Any CPU
		{AA3BAEC1-B3AD-4C6C-94B2-3F26907669B5}.Debug|Any CPU.ActiveCfg = Debug|Any CPU
		{AA3BAEC1-B3AD-4C6C-94B2-3F26907669B5}.Debug|Any CPU.Build.0 = Debug|Any CPU
		{AA3BAEC1-B3AD-4C6C-94B2-3F26907669B5}.Release|Any CPU.ActiveCfg = Release|Any CPU
		{AA3BAEC1-B3AD-4C6C-94B2-3F26907669B5}.Release|Any CPU.Build.0 = Release|Any CPU
		{0327D413-EBC7-4F7C-A723-35F142EBAD84}.Debug|Any CPU.ActiveCfg = Debug|Any CPU
		{0327D413-EBC7-4F7C-A723-35F142EBAD84}.Debug|Any CPU.Build.0 = Debug|Any CPU
		{0327D413-EBC7-4F7C-A723-35F142EBAD84}.Release|Any CPU.ActiveCfg = Release|Any CPU
		{0327D413-EBC7-4F7C-A723-35F142EBAD84}.Release|Any CPU.Build.0 = Release|Any CPU
		{AB0D7FDF-6877-4BD5-90AA-0FDDE5CDAFA0}.Debug|Any CPU.ActiveCfg = Debug|Any CPU
		{AB0D7FDF-6877-4BD5-90AA-0FDDE5CDAFA0}.Debug|Any CPU.Build.0 = Debug|Any CPU
		{AB0D7FDF-6877-4BD5-90AA-0FDDE5CDAFA0}.Release|Any CPU.ActiveCfg = Release|Any CPU
		{AB0D7FDF-6877-4BD5-90AA-0FDDE5CDAFA0}.Release|Any CPU.Build.0 = Release|Any CPU
	EndGlobalSection
	GlobalSection(SolutionProperties) = preSolution
		HideSolutionNode = FALSE
	EndGlobalSection
	GlobalSection(ExtensibilityGlobals) = postSolution
		SolutionGuid = {18EDD07F-72C3-4C2F-B2D8-8952B43D2485}
	EndGlobalSection
EndGlobal
